
Microsoft Visual Studio Solution File, Format Version 12.00
# Visual Studio Version 17
VisualStudioVersion = 17.0.31912.275
MinimumVisualStudioVersion = 10.0.40219.1
Project("{2150E333-8FDC-42A3-9474-1A3956D46DE8}") = "Services", "Services", "{CFC8ACF3-B472-4669-9251-61F8DDC0AD49}"
	ProjectSection(SolutionItems) = preProject
		Readme.txt = Readme.txt
	EndProjectSection
EndProject
Project("{2150E333-8FDC-42A3-9474-1A3956D46DE8}") = "Catalog", "Catalog", "{F16CA81F-F3D2-4522-BFD9-56A3632D6848}"
EndProject
Project("{9A19103F-16F7-4668-BE54-9A1E7A4F7556}") = "Catalog.API", "Services\Catalog\Catalog.API\Catalog.API.csproj", "{22F61848-A75F-4E6C-AF46-C1448D204F4B}"
EndProject
Project("{E53339B2-1760-4266-BCC7-CA923CBCF16C}") = "docker-compose", "docker-compose.dcproj", "{0EF2289E-0ACD-4539-89AA-B77FA854D40C}"
EndProject
Project("{2150E333-8FDC-42A3-9474-1A3956D46DE8}") = "Basket", "Basket", "{9D3EF98C-8FB5-4DAD-8A24-44075E72D33E}"
EndProject
Project("{9A19103F-16F7-4668-BE54-9A1E7A4F7556}") = "Basket.API", "Services\Basket\Basket.API\Basket.API.csproj", "{7AFDD02A-48B6-444E-8B8C-277D79C9BC43}"
EndProject
Project("{2150E333-8FDC-42A3-9474-1A3956D46DE8}") = "Discount", "Discount", "{58E5905B-2D88-46D9-8CC7-74D1571FB2E4}"
EndProject
Project("{9A19103F-16F7-4668-BE54-9A1E7A4F7556}") = "Discount.API", "Services\Discount\Discount.API\Discount.API.csproj", "{EE4860C5-EC4E-4A0F-BC4E-518E277740DF}"
EndProject
Project("{9A19103F-16F7-4668-BE54-9A1E7A4F7556}") = "Discount.Grpc", "Services\Discount\Discount.Grpc\Discount.Grpc.csproj", "{BF39B6E4-66E7-4D4F-B28B-43C41E85DE78}"
EndProject
Project("{2150E333-8FDC-42A3-9474-1A3956D46DE8}") = "Ordering", "Ordering", "{95D98BD9-B361-45AA-AE91-1BE7CF7649EC}"
EndProject
Project("{FAE04EC0-301F-11D3-BF4B-00C04F79EFBC}") = "Ordering.API", "Services\Ordering\Ordering.API\Ordering.API.csproj", "{A74A3318-D411-4ECD-8F99-56E975817E1D}"
EndProject
Project("{FAE04EC0-301F-11D3-BF4B-00C04F79EFBC}") = "Ordering.Domain", "Services\Ordering\Ordering.Domain\Ordering.Domain.csproj", "{EC40C9AF-E213-4BFA-A183-3E88AD990E0D}"
EndProject
Project("{FAE04EC0-301F-11D3-BF4B-00C04F79EFBC}") = "Ordering.Application", "Services\Ordering\Ordering.Application\Ordering.Application.csproj", "{3C9AD31F-7B90-42E6-88DB-7626A16C954F}"
EndProject
Project("{FAE04EC0-301F-11D3-BF4B-00C04F79EFBC}") = "Ordering.Infrastructure", "Services\Ordering\Ordering.Infrastructure\Ordering.Infrastructure.csproj", "{1F84534F-74C5-4046-937C-8215A8FF503A}"
EndProject
Project("{2150E333-8FDC-42A3-9474-1A3956D46DE8}") = "BuildingBlocks", "BuildingBlocks", "{BB6FFC6D-122F-4BC6-9BBB-36DE5E2F2CF2}"
EndProject
Project("{FAE04EC0-301F-11D3-BF4B-00C04F79EFBC}") = "EventBus.Message", "BuildingBlocks\EventBus.Message\EventBus.Message.csproj", "{D694CCE3-024B-4084-8EBC-B70026C59FD4}"
EndProject
Project("{2150E333-8FDC-42A3-9474-1A3956D46DE8}") = "Solution Items", "Solution Items", "{A32B4500-F1AF-4E67-B0A9-B3645E633C1B}"
	ProjectSection(SolutionItems) = preProject
		.editorconfig = .editorconfig
	EndProjectSection
EndProject
Global
	GlobalSection(SolutionConfigurationPlatforms) = preSolution
		Debug|Any CPU = Debug|Any CPU
		Release|Any CPU = Release|Any CPU
	EndGlobalSection
	GlobalSection(ProjectConfigurationPlatforms) = postSolution
		{22F61848-A75F-4E6C-AF46-C1448D204F4B}.Debug|Any CPU.ActiveCfg = Debug|Any CPU
		{22F61848-A75F-4E6C-AF46-C1448D204F4B}.Debug|Any CPU.Build.0 = Debug|Any CPU
		{22F61848-A75F-4E6C-AF46-C1448D204F4B}.Release|Any CPU.ActiveCfg = Release|Any CPU
		{22F61848-A75F-4E6C-AF46-C1448D204F4B}.Release|Any CPU.Build.0 = Release|Any CPU
		{0EF2289E-0ACD-4539-89AA-B77FA854D40C}.Debug|Any CPU.ActiveCfg = Debug|Any CPU
		{0EF2289E-0ACD-4539-89AA-B77FA854D40C}.Debug|Any CPU.Build.0 = Debug|Any CPU
		{0EF2289E-0ACD-4539-89AA-B77FA854D40C}.Release|Any CPU.ActiveCfg = Release|Any CPU
		{0EF2289E-0ACD-4539-89AA-B77FA854D40C}.Release|Any CPU.Build.0 = Release|Any CPU
		{7AFDD02A-48B6-444E-8B8C-277D79C9BC43}.Debug|Any CPU.ActiveCfg = Debug|Any CPU
		{7AFDD02A-48B6-444E-8B8C-277D79C9BC43}.Debug|Any CPU.Build.0 = Debug|Any CPU
		{7AFDD02A-48B6-444E-8B8C-277D79C9BC43}.Release|Any CPU.ActiveCfg = Release|Any CPU
		{7AFDD02A-48B6-444E-8B8C-277D79C9BC43}.Release|Any CPU.Build.0 = Release|Any CPU
		{EE4860C5-EC4E-4A0F-BC4E-518E277740DF}.Debug|Any CPU.ActiveCfg = Debug|Any CPU
		{EE4860C5-EC4E-4A0F-BC4E-518E277740DF}.Debug|Any CPU.Build.0 = Debug|Any CPU
		{EE4860C5-EC4E-4A0F-BC4E-518E277740DF}.Release|Any CPU.ActiveCfg = Release|Any CPU
		{EE4860C5-EC4E-4A0F-BC4E-518E277740DF}.Release|Any CPU.Build.0 = Release|Any CPU
		{BF39B6E4-66E7-4D4F-B28B-43C41E85DE78}.Debug|Any CPU.ActiveCfg = Debug|Any CPU
		{BF39B6E4-66E7-4D4F-B28B-43C41E85DE78}.Debug|Any CPU.Build.0 = Debug|Any CPU
		{BF39B6E4-66E7-4D4F-B28B-43C41E85DE78}.Release|Any CPU.ActiveCfg = Release|Any CPU
		{BF39B6E4-66E7-4D4F-B28B-43C41E85DE78}.Release|Any CPU.Build.0 = Release|Any CPU
		{A74A3318-D411-4ECD-8F99-56E975817E1D}.Debug|Any CPU.ActiveCfg = Debug|Any CPU
		{A74A3318-D411-4ECD-8F99-56E975817E1D}.Debug|Any CPU.Build.0 = Debug|Any CPU
		{A74A3318-D411-4ECD-8F99-56E975817E1D}.Release|Any CPU.ActiveCfg = Release|Any CPU
		{A74A3318-D411-4ECD-8F99-56E975817E1D}.Release|Any CPU.Build.0 = Release|Any CPU
		{EC40C9AF-E213-4BFA-A183-3E88AD990E0D}.Debug|Any CPU.ActiveCfg = Debug|Any CPU
		{EC40C9AF-E213-4BFA-A183-3E88AD990E0D}.Debug|Any CPU.Build.0 = Debug|Any CPU
		{EC40C9AF-E213-4BFA-A183-3E88AD990E0D}.Release|Any CPU.ActiveCfg = Release|Any CPU
		{EC40C9AF-E213-4BFA-A183-3E88AD990E0D}.Release|Any CPU.Build.0 = Release|Any CPU
		{3C9AD31F-7B90-42E6-88DB-7626A16C954F}.Debug|Any CPU.ActiveCfg = Debug|Any CPU
		{3C9AD31F-7B90-42E6-88DB-7626A16C954F}.Debug|Any CPU.Build.0 = Debug|Any CPU
		{3C9AD31F-7B90-42E6-88DB-7626A16C954F}.Release|Any CPU.ActiveCfg = Release|Any CPU
		{3C9AD31F-7B90-42E6-88DB-7626A16C954F}.Release|Any CPU.Build.0 = Release|Any CPU
		{1F84534F-74C5-4046-937C-8215A8FF503A}.Debug|Any CPU.ActiveCfg = Debug|Any CPU
		{1F84534F-74C5-4046-937C-8215A8FF503A}.Debug|Any CPU.Build.0 = Debug|Any CPU
		{1F84534F-74C5-4046-937C-8215A8FF503A}.Release|Any CPU.ActiveCfg = Release|Any CPU
		{1F84534F-74C5-4046-937C-8215A8FF503A}.Release|Any CPU.Build.0 = Release|Any CPU
		{D694CCE3-024B-4084-8EBC-B70026C59FD4}.Debug|Any CPU.ActiveCfg = Debug|Any CPU
		{D694CCE3-024B-4084-8EBC-B70026C59FD4}.Debug|Any CPU.Build.0 = Debug|Any CPU
		{D694CCE3-024B-4084-8EBC-B70026C59FD4}.Release|Any CPU.ActiveCfg = Release|Any CPU
		{D694CCE3-024B-4084-8EBC-B70026C59FD4}.Release|Any CPU.Build.0 = Release|Any CPU
	EndGlobalSection
	GlobalSection(SolutionProperties) = preSolution
		HideSolutionNode = FALSE
	EndGlobalSection
	GlobalSection(NestedProjects) = preSolution
		{F16CA81F-F3D2-4522-BFD9-56A3632D6848} = {CFC8ACF3-B472-4669-9251-61F8DDC0AD49}
		{22F61848-A75F-4E6C-AF46-C1448D204F4B} = {F16CA81F-F3D2-4522-BFD9-56A3632D6848}
		{9D3EF98C-8FB5-4DAD-8A24-44075E72D33E} = {CFC8ACF3-B472-4669-9251-61F8DDC0AD49}
		{7AFDD02A-48B6-444E-8B8C-277D79C9BC43} = {9D3EF98C-8FB5-4DAD-8A24-44075E72D33E}
		{58E5905B-2D88-46D9-8CC7-74D1571FB2E4} = {CFC8ACF3-B472-4669-9251-61F8DDC0AD49}
		{EE4860C5-EC4E-4A0F-BC4E-518E277740DF} = {58E5905B-2D88-46D9-8CC7-74D1571FB2E4}
		{BF39B6E4-66E7-4D4F-B28B-43C41E85DE78} = {58E5905B-2D88-46D9-8CC7-74D1571FB2E4}
		{95D98BD9-B361-45AA-AE91-1BE7CF7649EC} = {CFC8ACF3-B472-4669-9251-61F8DDC0AD49}
		{A74A3318-D411-4ECD-8F99-56E975817E1D} = {95D98BD9-B361-45AA-AE91-1BE7CF7649EC}
		{EC40C9AF-E213-4BFA-A183-3E88AD990E0D} = {95D98BD9-B361-45AA-AE91-1BE7CF7649EC}
		{3C9AD31F-7B90-42E6-88DB-7626A16C954F} = {95D98BD9-B361-45AA-AE91-1BE7CF7649EC}
		{1F84534F-74C5-4046-937C-8215A8FF503A} = {95D98BD9-B361-45AA-AE91-1BE7CF7649EC}
		{D694CCE3-024B-4084-8EBC-B70026C59FD4} = {BB6FFC6D-122F-4BC6-9BBB-36DE5E2F2CF2}
	EndGlobalSection
	GlobalSection(ExtensibilityGlobals) = postSolution
		SolutionGuid = {F130E75A-4CF2-46D3-B433-823867D5C37B}
	EndGlobalSection
EndGlobal
